
Microsoft Visual Studio Solution File, Format Version 12.00
# Visual Studio Version 17
VisualStudioVersion = 17.6.33801.468
MinimumVisualStudioVersion = 10.0.40219.1
Project("{FAE04EC0-301F-11D3-BF4B-00C04F79EFBC}") = "CreateNodeProject", "CreateNodeProject\CreateNodeProject.csproj", "{6079D24A-DEEC-48AA-8781-34FBE0B6855C}"
EndProject
Global
	GlobalSection(SolutionConfigurationPlatforms) = preSolution
		Debug|Any CPU = Debug|Any CPU
		Release|Any CPU = Release|Any CPU
	EndGlobalSection
	GlobalSection(ProjectConfigurationPlatforms) = postSolution
		{6079D24A-DEEC-48AA-8781-34FBE0B6855C}.Debug|Any CPU.ActiveCfg = Debug|Any CPU
		{6079D24A-DEEC-48AA-8781-34FBE0B6855C}.Debug|Any CPU.Build.0 = Debug|Any CPU
		{6079D24A-DEEC-48AA-8781-34FBE0B6855C}.Release|Any CPU.ActiveCfg = Release|Any CPU
		{6079D24A-DEEC-48AA-8781-34FBE0B6855C}.Release|Any CPU.Build.0 = Release|Any CPU
	EndGlobalSection
	GlobalSection(SolutionProperties) = preSolution
		HideSolutionNode = FALSE
	EndGlobalSection
	GlobalSection(ExtensibilityGlobals) = postSolution
		SolutionGuid = {7E98A7C3-D676-42D2-8F74-E9FC4B7A2CB4}
	EndGlobalSection
EndGlobal
